# THIS IS AN AUTOGENERATED FILE. DO NOT EDIT THIS FILE DIRECTLY.
# yarn lockfile v1


"@opentelemetry/core@1.8.0":
  version "1.8.0"
  resolved "https://registry.yarnpkg.com/@opentelemetry/core/-/core-1.8.0.tgz#cca18594dd48ded6dc0d08c7e789c79af0315934"
  integrity sha512-6SDjwBML4Am0AQmy7z1j6HGrWDgeK8awBRUvl1PGw6HayViMk4QpnUXvv4HTHisecgVBy43NE/cstWprm8tIfw==
  dependencies:
    "@opentelemetry/semantic-conventions" "1.8.0"

"@opentelemetry/exporter-metrics-otlp-http@^0.34.0":
  version "0.34.0"
  resolved "https://registry.yarnpkg.com/@opentelemetry/exporter-metrics-otlp-http/-/exporter-metrics-otlp-http-0.34.0.tgz#f890a83f695b60719e54492e72bcbfa21d2968ee"
  integrity sha512-ToRJA4frErHGiKKnPCI3+cvdyK8rksRI+mV6xZ6Yt7HiIrArY9eDX7QaCEZcTLbQIib09LTlCX87TKEL3TToWQ==
  dependencies:
    "@opentelemetry/core" "1.8.0"
    "@opentelemetry/otlp-exporter-base" "0.34.0"
    "@opentelemetry/otlp-transformer" "0.34.0"
    "@opentelemetry/resources" "1.8.0"
    "@opentelemetry/sdk-metrics" "1.8.0"

"@opentelemetry/otlp-exporter-base@0.34.0":
  version "0.34.0"
  resolved "https://registry.yarnpkg.com/@opentelemetry/otlp-exporter-base/-/otlp-exporter-base-0.34.0.tgz#c6020b63590d4b8ac3833eda345a6f582fa014b1"
  integrity sha512-xVNvQm7oXeQogeI21iTZRnBrBYS0OVekPutEJgb7jQtHg7x2GWuCBQK9sDo84FRWNXBpNOgSYqsf8/+PxIJ2vA==
  dependencies:
    "@opentelemetry/core" "1.8.0"

"@opentelemetry/otlp-transformer@0.34.0":
  version "0.34.0"
  resolved "https://registry.yarnpkg.com/@opentelemetry/otlp-transformer/-/otlp-transformer-0.34.0.tgz#71023706233c7bc6c3cdcf954c749fea9338084c"
  integrity sha512-NghPJvn3pVoWBuhWyBe1n/nWIrj1D1EFUH/bIkWEp0CMVWFLux6R+BkRPZQo5klTcj8xFhCZZIZsL/ubkYPryg==
  dependencies:
    "@opentelemetry/core" "1.8.0"
    "@opentelemetry/resources" "1.8.0"
    "@opentelemetry/sdk-metrics" "1.8.0"
    "@opentelemetry/sdk-trace-base" "1.8.0"

"@opentelemetry/resources@1.8.0":
  version "1.8.0"
  resolved "https://registry.yarnpkg.com/@opentelemetry/resources/-/resources-1.8.0.tgz#260be9742cf7bceccc0db928d8ca8d64391acfe3"
  integrity sha512-KSyMH6Jvss/PFDy16z5qkCK0ERlpyqixb1xwb73wLMvVq+j7i89lobDjw3JkpCcd1Ws0J6jAI4fw28Zufj2ssg==
  dependencies:
    "@opentelemetry/core" "1.8.0"
    "@opentelemetry/semantic-conventions" "1.8.0"

"@opentelemetry/sdk-metrics@1.8.0":
  version "1.8.0"
  resolved "https://registry.yarnpkg.com/@opentelemetry/sdk-metrics/-/sdk-metrics-1.8.0.tgz#d061060f03861ab3f345d0f924922bc1a6396157"
  integrity sha512-+KYb+uj0vHhl8xzJO+oChS4oP1e+/2Wl3SXoHoIdcEjd1TQfDV+lxOm4oqxWq6wykXvI35/JHyejxSoT+qxGmg==
  dependencies:
    "@opentelemetry/core" "1.8.0"
    "@opentelemetry/resources" "1.8.0"
    lodash.merge "4.6.2"

"@opentelemetry/sdk-trace-base@1.8.0":
  version "1.8.0"
  resolved "https://registry.yarnpkg.com/@opentelemetry/sdk-trace-base/-/sdk-trace-base-1.8.0.tgz#70713aab90978a16dea188c8335209f857be7384"
  integrity sha512-iH41m0UTddnCKJzZx3M85vlhKzRcmT48pUeBbnzsGrq4nIay1oWVHKM5nhB5r8qRDGvd/n7f/YLCXClxwM0tvA==
  dependencies:
    "@opentelemetry/core" "1.8.0"
    "@opentelemetry/resources" "1.8.0"
    "@opentelemetry/semantic-conventions" "1.8.0"

"@opentelemetry/semantic-conventions@1.8.0", "@opentelemetry/semantic-conventions@^1.8.0":
  version "1.8.0"
  resolved "https://registry.yarnpkg.com/@opentelemetry/semantic-conventions/-/semantic-conventions-1.8.0.tgz#fe2aa90e6df050a11cd57f5c0f47b0641fd2cad3"
  integrity sha512-TYh1MRcm4JnvpqtqOwT9WYaBYY4KERHdToxs/suDTLviGRsQkIjS5yYROTYTSJQUnYLOn/TuOh5GoMwfLSU+Ew==

lodash.merge@4.6.2:
  version "4.6.2"
  resolved "https://registry.yarnpkg.com/lodash.merge/-/lodash.merge-4.6.2.tgz#558aa53b43b661e1925a0afdfa36a9a1085fe57a"
  integrity sha512-0KpjqXRVvrYyCsX1swR/XTK0va6VQkQM6MNo7PqW77ByjAhoARA8EfrP1N4+KlKj8YS0ZUCtRT/YUuhyYDujIQ==
